
Microsoft Visual Studio Solution File, Format Version 12.00
# Visual Studio Version 18
VisualStudioVersion = 18.3.11304.161 d18.3
MinimumVisualStudioVersion = 10.0.40219.1
Project("{8BC9CEB8-8B4A-11D0-8D11-00A0C91BC942}") = "patch", "patch.vcxproj", "{DD81DF82-91DD-420D-AFE2-06C01F50465D}"
EndProject
Project("{8BC9CEB8-8B4A-11D0-8D11-00A0C91BC942}") = "UnitTest1", "UnitTest1.vcxproj", "{5768658D-5753-57BE-9F55-89088097DC31}"
	ProjectSection(ProjectDependencies) = postProject
		{DD81DF82-91DD-420D-AFE2-06C01F50465D} = {DD81DF82-91DD-420D-AFE2-06C01F50465D}
	EndProjectSection
EndProject
Project("{8BC9CEB8-8B4A-11D0-8D11-00A0C91BC942}") = "simple_test", "simple_test\simple_test.vcxproj", "{74D97FDB-5E5D-4A03-ADF9-B1F4605A9257}"
EndProject
Project("{8BC9CEB8-8B4A-11D0-8D11-00A0C91BC942}") = "patch_cli", "patch_cli\patch_cli.vcxproj", "{08BBC6ED-CAD2-41B3-AE02-D966617146C7}"
EndProject
Global
	GlobalSection(SolutionConfigurationPlatforms) = preSolution
		Debug|x64 = Debug|x64
		Debug|x86 = Debug|x86
		Release|x64 = Release|x64
		Release|x86 = Release|x86
	EndGlobalSection
	GlobalSection(ProjectConfigurationPlatforms) = postSolution
		{DD81DF82-91DD-420D-AFE2-06C01F50465D}.Debug|x64.ActiveCfg = Debug|x64
		{DD81DF82-91DD-420D-AFE2-06C01F50465D}.Debug|x64.Build.0 = Debug|x64
		{DD81DF82-91DD-420D-AFE2-06C01F50465D}.Debug|x86.ActiveCfg = Debug|Win32
		{DD81DF82-91DD-420D-AFE2-06C01F50465D}.Debug|x86.Build.0 = Debug|Win32
		{DD81DF82-91DD-420D-AFE2-06C01F50465D}.Release|x64.ActiveCfg = Release|x64
		{DD81DF82-91DD-420D-AFE2-06C01F50465D}.Release|x64.Build.0 = Release|x64
		{DD81DF82-91DD-420D-AFE2-06C01F50465D}.Release|x86.ActiveCfg = Release|Win32
		{DD81DF82-91DD-420D-AFE2-06C01F50465D}.Release|x86.Build.0 = Release|Win32
		{5768658D-5753-57BE-9F55-89088097DC31}.Debug|x64.ActiveCfg = Debug|x64
		{5768658D-5753-57BE-9F55-89088097DC31}.Debug|x64.Build.0 = Debug|x64
		{5768658D-5753-57BE-9F55-89088097DC31}.Debug|x86.ActiveCfg = Debug|Win32
		{5768658D-5753-57BE-9F55-89088097DC31}.Debug|x86.Build.0 = Debug|Win32
		{5768658D-5753-57BE-9F55-89088097DC31}.Release|x64.ActiveCfg = Release|x64
		{5768658D-5753-57BE-9F55-89088097DC31}.Release|x64.Build.0 = Release|x64
		{5768658D-5753-57BE-9F55-89088097DC31}.Release|x86.ActiveCfg = Release|Win32
		{5768658D-5753-57BE-9F55-89088097DC31}.Release|x86.Build.0 = Release|Win32
		{74D97FDB-5E5D-4A03-ADF9-B1F4605A9257}.Debug|x64.ActiveCfg = Debug|x64
		{74D97FDB-5E5D-4A03-ADF9-B1F4605A9257}.Debug|x64.Build.0 = Debug|x64
		{74D97FDB-5E5D-4A03-ADF9-B1F4605A9257}.Debug|x86.ActiveCfg = Debug|Win32
		{74D97FDB-5E5D-4A03-ADF9-B1F4605A9257}.Debug|x86.Build.0 = Debug|Win32
		{74D97FDB-5E5D-4A03-ADF9-B1F4605A9257}.Release|x64.ActiveCfg = Release|x64
		{74D97FDB-5E5D-4A03-ADF9-B1F4605A9257}.Release|x64.Build.0 = Release|x64
		{74D97FDB-5E5D-4A03-ADF9-B1F4605A9257}.Release|x86.ActiveCfg = Release|Win32
		{74D97FDB-5E5D-4A03-ADF9-B1F4605A9257}.Release|x86.Build.0 = Release|Win32
		{08BBC6ED-CAD2-41B3-AE02-D966617146C7}.Debug|x64.ActiveCfg = Debug|x64
		{08BBC6ED-CAD2-41B3-AE02-D966617146C7}.Debug|x64.Build.0 = Debug|x64
		{08BBC6ED-CAD2-41B3-AE02-D966617146C7}.Debug|x86.ActiveCfg = Debug|Win32
		{08BBC6ED-CAD2-41B3-AE02-D966617146C7}.Debug|x86.Build.0 = Debug|Win32
		{08BBC6ED-CAD2-41B3-AE02-D966617146C7}.Release|x64.ActiveCfg = Release|x64
		{08BBC6ED-CAD2-41B3-AE02-D966617146C7}.Release|x64.Build.0 = Release|x64
		{08BBC6ED-CAD2-41B3-AE02-D966617146C7}.Release|x86.ActiveCfg = Release|Win32
		{08BBC6ED-CAD2-41B3-AE02-D966617146C7}.Release|x86.Build.0 = Release|Win32
	EndGlobalSection
	GlobalSection(SolutionProperties) = preSolution
		HideSolutionNode = FALSE
	EndGlobalSection
	GlobalSection(ExtensibilityGlobals) = postSolution
		SolutionGuid = {EBEEEB5B-3371-48E9-821F-A4E2AABD8BBD}
	EndGlobalSection
EndGlobal
